// !$*UTF8*$!
{
	archiveVersion = 1;
	classes = {
	};
	objectVersion = 50;
	objects = {

/* Begin PBXBuildFile section */
		9B26CA47237C48E900E2189A /* AddSessionViewController.swift in Sources */ = {isa = PBXBuildFile; fileRef = 9B26CA46237C48E900E2189A /* AddSessionViewController.swift */; };
		9BBC6612237300D50011897D /* AppDelegate.swift in Sources */ = {isa = PBXBuildFile; fileRef = 9BBC6611237300D50011897D /* AppDelegate.swift */; };
		9BBC6614237300D50011897D /* ViewController.swift in Sources */ = {isa = PBXBuildFile; fileRef = 9BBC6613237300D50011897D /* ViewController.swift */; };
		9BBC6617237300D50011897D /* Main.storyboard in Resources */ = {isa = PBXBuildFile; fileRef = 9BBC6615237300D50011897D /* Main.storyboard */; };
		9BBC661A237300D50011897D /* Boulder_Climbing_Journal.xcdatamodeld in Sources */ = {isa = PBXBuildFile; fileRef = 9BBC6618237300D50011897D /* Boulder_Climbing_Journal.xcdatamodeld */; };
		9BBC661C237300D60011897D /* Assets.xcassets in Resources */ = {isa = PBXBuildFile; fileRef = 9BBC661B237300D60011897D /* Assets.xcassets */; };
		9BBC661F237300D60011897D /* LaunchScreen.storyboard in Resources */ = {isa = PBXBuildFile; fileRef = 9BBC661D237300D60011897D /* LaunchScreen.storyboard */; };
		9BBC6627237303540011897D /* RoundButton.swift in Sources */ = {isa = PBXBuildFile; fileRef = 9BBC6626237303540011897D /* RoundButton.swift */; };
		9BBC66292373062B0011897D /* PageViewController.swift in Sources */ = {isa = PBXBuildFile; fileRef = 9BBC66282373062B0011897D /* PageViewController.swift */; };
		9BBC662B237306EA0011897D /* TutorialViewController.swift in Sources */ = {isa = PBXBuildFile; fileRef = 9BBC662A237306EA0011897D /* TutorialViewController.swift */; };
		C95421042390A0A500BB6596 /* AddClimbViewController.swift in Sources */ = {isa = PBXBuildFile; fileRef = C95421032390A0A500BB6596 /* AddClimbViewController.swift */; };
		C95421232390BA9F00BB6596 /* VB_tp.png in Resources */ = {isa = PBXBuildFile; fileRef = C954211F2390BA9E00BB6596 /* VB_tp.png */; };
		C95421242390BA9F00BB6596 /* VB.png in Resources */ = {isa = PBXBuildFile; fileRef = C95421202390BA9E00BB6596 /* VB.png */; };
		C95421252390BA9F00BB6596 /* V0.png in Resources */ = {isa = PBXBuildFile; fileRef = C95421212390BA9E00BB6596 /* V0.png */; };
		C95421262390BA9F00BB6596 /* V0_tp.png in Resources */ = {isa = PBXBuildFile; fileRef = C95421222390BA9E00BB6596 /* V0_tp.png */; };
		C954213B2390C56000BB6596 /* V2.png in Resources */ = {isa = PBXBuildFile; fileRef = C95421272390C55D00BB6596 /* V2.png */; };
		C954213C2390C56000BB6596 /* V4.png in Resources */ = {isa = PBXBuildFile; fileRef = C95421282390C55D00BB6596 /* V4.png */; };
		C954213D2390C56000BB6596 /* V10_tp.png in Resources */ = {isa = PBXBuildFile; fileRef = C95421292390C55D00BB6596 /* V10_tp.png */; };
		C954213E2390C56000BB6596 /* V1_tp.png in Resources */ = {isa = PBXBuildFile; fileRef = C954212A2390C55D00BB6596 /* V1_tp.png */; };
		C954213F2390C56000BB6596 /* V7.png in Resources */ = {isa = PBXBuildFile; fileRef = C954212B2390C55D00BB6596 /* V7.png */; };
		C95421402390C56000BB6596 /* V3.png in Resources */ = {isa = PBXBuildFile; fileRef = C954212C2390C55D00BB6596 /* V3.png */; };
		C95421412390C56000BB6596 /* V6_tp.png in Resources */ = {isa = PBXBuildFile; fileRef = C954212D2390C55D00BB6596 /* V6_tp.png */; };
		C95421422390C56000BB6596 /* V4_tp.png in Resources */ = {isa = PBXBuildFile; fileRef = C954212E2390C55E00BB6596 /* V4_tp.png */; };
		C95421432390C56000BB6596 /* V8.png in Resources */ = {isa = PBXBuildFile; fileRef = C954212F2390C55E00BB6596 /* V8.png */; };
		C95421442390C56000BB6596 /* V9_tp.png in Resources */ = {isa = PBXBuildFile; fileRef = C95421302390C55E00BB6596 /* V9_tp.png */; };
		C95421452390C56000BB6596 /* V2_tp.png in Resources */ = {isa = PBXBuildFile; fileRef = C95421312390C55E00BB6596 /* V2_tp.png */; };
		C95421462390C56000BB6596 /* V5.png in Resources */ = {isa = PBXBuildFile; fileRef = C95421322390C55E00BB6596 /* V5.png */; };
		C95421472390C56000BB6596 /* V8_tp.png in Resources */ = {isa = PBXBuildFile; fileRef = C95421332390C55E00BB6596 /* V8_tp.png */; };
		C95421482390C56000BB6596 /* V6.png in Resources */ = {isa = PBXBuildFile; fileRef = C95421342390C55E00BB6596 /* V6.png */; };
		C95421492390C56000BB6596 /* V9.png in Resources */ = {isa = PBXBuildFile; fileRef = C95421352390C55F00BB6596 /* V9.png */; };
		C954214A2390C56000BB6596 /* V10.png in Resources */ = {isa = PBXBuildFile; fileRef = C95421362390C55F00BB6596 /* V10.png */; };
		C954214B2390C56000BB6596 /* V7_tp.png in Resources */ = {isa = PBXBuildFile; fileRef = C95421372390C55F00BB6596 /* V7_tp.png */; };
		C954214C2390C56000BB6596 /* V1.png in Resources */ = {isa = PBXBuildFile; fileRef = C95421382390C55F00BB6596 /* V1.png */; };
		C954214D2390C56000BB6596 /* V3_tp.png in Resources */ = {isa = PBXBuildFile; fileRef = C95421392390C55F00BB6596 /* V3_tp.png */; };
		C954214E2390C56000BB6596 /* V5_tp.png in Resources */ = {isa = PBXBuildFile; fileRef = C954213A2390C56000BB6596 /* V5_tp.png */; };
		C95421572390D76C00BB6596 /* onsight.png in Resources */ = {isa = PBXBuildFile; fileRef = C954214F2390D76A00BB6596 /* onsight.png */; };
		C95421582390D76C00BB6596 /* flash.png in Resources */ = {isa = PBXBuildFile; fileRef = C95421502390D76A00BB6596 /* flash.png */; };
		C95421592390D76C00BB6596 /* onsight_tp.png in Resources */ = {isa = PBXBuildFile; fileRef = C95421512390D76B00BB6596 /* onsight_tp.png */; };
		C954215A2390D76C00BB6596 /* flash_tp.png in Resources */ = {isa = PBXBuildFile; fileRef = C95421522390D76B00BB6596 /* flash_tp.png */; };
		C954215B2390D76C00BB6596 /* repeat_tp.png in Resources */ = {isa = PBXBuildFile; fileRef = C95421532390D76B00BB6596 /* repeat_tp.png */; };
		C954215C2390D76C00BB6596 /* attempts_tp.png in Resources */ = {isa = PBXBuildFile; fileRef = C95421542390D76C00BB6596 /* attempts_tp.png */; };
		C954215D2390D76C00BB6596 /* repeat.png in Resources */ = {isa = PBXBuildFile; fileRef = C95421552390D76C00BB6596 /* repeat.png */; };
		C954215E2390D76C00BB6596 /* attempts.png in Resources */ = {isa = PBXBuildFile; fileRef = C95421562390D76C00BB6596 /* attempts.png */; };
		C95421682391460500BB6596 /* SessionsLogViewController.swift in Sources */ = {isa = PBXBuildFile; fileRef = C95421672391460500BB6596 /* SessionsLogViewController.swift */; };
		C954216B23914D2D00BB6596 /* LoggedSessionTableViewCell.swift in Sources */ = {isa = PBXBuildFile; fileRef = C954216923914D2D00BB6596 /* LoggedSessionTableViewCell.swift */; };
		C954216C23914D2D00BB6596 /* LoggedSessionTableViewCell.xib in Resources */ = {isa = PBXBuildFile; fileRef = C954216A23914D2D00BB6596 /* LoggedSessionTableViewCell.xib */; };
		C9B36DB523874E67009735A1 /* AddLocationViewController.swift in Sources */ = {isa = PBXBuildFile; fileRef = C9B36DB423874E67009735A1 /* AddLocationViewController.swift */; };
/* End PBXBuildFile section */

/* Begin PBXFileReference section */
		9B26CA46237C48E900E2189A /* AddSessionViewController.swift */ = {isa = PBXFileReference; lastKnownFileType = sourcecode.swift; path = AddSessionViewController.swift; sourceTree = "<group>"; };
		9BBC660E237300D50011897D /* Boulder Climbing Journal.app */ = {isa = PBXFileReference; explicitFileType = wrapper.application; includeInIndex = 0; path = "Boulder Climbing Journal.app"; sourceTree = BUILT_PRODUCTS_DIR; };
		9BBC6611237300D50011897D /* AppDelegate.swift */ = {isa = PBXFileReference; lastKnownFileType = sourcecode.swift; path = AppDelegate.swift; sourceTree = "<group>"; };
		9BBC6613237300D50011897D /* ViewController.swift */ = {isa = PBXFileReference; lastKnownFileType = sourcecode.swift; path = ViewController.swift; sourceTree = "<group>"; };
		9BBC6616237300D50011897D /* Base */ = {isa = PBXFileReference; lastKnownFileType = file.storyboard; name = Base; path = Base.lproj/Main.storyboard; sourceTree = "<group>"; };
		9BBC6619237300D50011897D /* Boulder_Climbing_Journal.xcdatamodel */ = {isa = PBXFileReference; lastKnownFileType = wrapper.xcdatamodel; path = Boulder_Climbing_Journal.xcdatamodel; sourceTree = "<group>"; };
		9BBC661B237300D60011897D /* Assets.xcassets */ = {isa = PBXFileReference; lastKnownFileType = folder.assetcatalog; path = Assets.xcassets; sourceTree = "<group>"; };
		9BBC661E237300D60011897D /* Base */ = {isa = PBXFileReference; lastKnownFileType = file.storyboard; name = Base; path = Base.lproj/LaunchScreen.storyboard; sourceTree = "<group>"; };
		9BBC6620237300D60011897D /* Info.plist */ = {isa = PBXFileReference; lastKnownFileType = text.plist.xml; path = Info.plist; sourceTree = "<group>"; };
		9BBC6626237303540011897D /* RoundButton.swift */ = {isa = PBXFileReference; lastKnownFileType = sourcecode.swift; path = RoundButton.swift; sourceTree = "<group>"; };
		9BBC66282373062B0011897D /* PageViewController.swift */ = {isa = PBXFileReference; lastKnownFileType = sourcecode.swift; path = PageViewController.swift; sourceTree = "<group>"; };
		9BBC662A237306EA0011897D /* TutorialViewController.swift */ = {isa = PBXFileReference; lastKnownFileType = sourcecode.swift; path = TutorialViewController.swift; sourceTree = "<group>"; };
		C95421032390A0A500BB6596 /* AddClimbViewController.swift */ = {isa = PBXFileReference; lastKnownFileType = sourcecode.swift; path = AddClimbViewController.swift; sourceTree = "<group>"; };
		C954211F2390BA9E00BB6596 /* VB_tp.png */ = {isa = PBXFileReference; lastKnownFileType = image.png; name = VB_tp.png; path = ../../../../../Downloads/VB_tp.png; sourceTree = "<group>"; };
		C95421202390BA9E00BB6596 /* VB.png */ = {isa = PBXFileReference; lastKnownFileType = image.png; name = VB.png; path = ../../../../../Downloads/VB.png; sourceTree = "<group>"; };
		C95421212390BA9E00BB6596 /* V0.png */ = {isa = PBXFileReference; lastKnownFileType = image.png; name = V0.png; path = ../../../../../Downloads/V0.png; sourceTree = "<group>"; };
		C95421222390BA9E00BB6596 /* V0_tp.png */ = {isa = PBXFileReference; lastKnownFileType = image.png; name = V0_tp.png; path = ../../../../../Downloads/V0_tp.png; sourceTree = "<group>"; };
		C95421272390C55D00BB6596 /* V2.png */ = {isa = PBXFileReference; lastKnownFileType = image.png; name = V2.png; path = ../../../../../Downloads/V2.png; sourceTree = "<group>"; };
		C95421282390C55D00BB6596 /* V4.png */ = {isa = PBXFileReference; lastKnownFileType = image.png; name = V4.png; path = ../../../../../Downloads/V4.png; sourceTree = "<group>"; };
		C95421292390C55D00BB6596 /* V10_tp.png */ = {isa = PBXFileReference; lastKnownFileType = image.png; name = V10_tp.png; path = ../../../../../Downloads/V10_tp.png; sourceTree = "<group>"; };
		C954212A2390C55D00BB6596 /* V1_tp.png */ = {isa = PBXFileReference; lastKnownFileType = image.png; name = V1_tp.png; path = ../../../../../Downloads/V1_tp.png; sourceTree = "<group>"; };
		C954212B2390C55D00BB6596 /* V7.png */ = {isa = PBXFileReference; lastKnownFileType = image.png; name = V7.png; path = ../../../../../Downloads/V7.png; sourceTree = "<group>"; };
		C954212C2390C55D00BB6596 /* V3.png */ = {isa = PBXFileReference; lastKnownFileType = image.png; name = V3.png; path = ../../../../../Downloads/V3.png; sourceTree = "<group>"; };
		C954212D2390C55D00BB6596 /* V6_tp.png */ = {isa = PBXFileReference; lastKnownFileType = image.png; name = V6_tp.png; path = ../../../../../Downloads/V6_tp.png; sourceTree = "<group>"; };
		C954212E2390C55E00BB6596 /* V4_tp.png */ = {isa = PBXFileReference; lastKnownFileType = image.png; name = V4_tp.png; path = ../../../../../Downloads/V4_tp.png; sourceTree = "<group>"; };
		C954212F2390C55E00BB6596 /* V8.png */ = {isa = PBXFileReference; lastKnownFileType = image.png; name = V8.png; path = ../../../../../Downloads/V8.png; sourceTree = "<group>"; };
		C95421302390C55E00BB6596 /* V9_tp.png */ = {isa = PBXFileReference; lastKnownFileType = image.png; name = V9_tp.png; path = ../../../../../Downloads/V9_tp.png; sourceTree = "<group>"; };
		C95421312390C55E00BB6596 /* V2_tp.png */ = {isa = PBXFileReference; lastKnownFileType = image.png; name = V2_tp.png; path = ../../../../../Downloads/V2_tp.png; sourceTree = "<group>"; };
		C95421322390C55E00BB6596 /* V5.png */ = {isa = PBXFileReference; lastKnownFileType = image.png; name = V5.png; path = ../../../../../Downloads/V5.png; sourceTree = "<group>"; };
		C95421332390C55E00BB6596 /* V8_tp.png */ = {isa = PBXFileReference; lastKnownFileType = image.png; name = V8_tp.png; path = ../../../../../Downloads/V8_tp.png; sourceTree = "<group>"; };
		C95421342390C55E00BB6596 /* V6.png */ = {isa = PBXFileReference; lastKnownFileType = image.png; name = V6.png; path = ../../../../../Downloads/V6.png; sourceTree = "<group>"; };
		C95421352390C55F00BB6596 /* V9.png */ = {isa = PBXFileReference; lastKnownFileType = image.png; name = V9.png; path = ../../../../../Downloads/V9.png; sourceTree = "<group>"; };
		C95421362390C55F00BB6596 /* V10.png */ = {isa = PBXFileReference; lastKnownFileType = image.png; name = V10.png; path = ../../../../../Downloads/V10.png; sourceTree = "<group>"; };
		C95421372390C55F00BB6596 /* V7_tp.png */ = {isa = PBXFileReference; lastKnownFileType = image.png; name = V7_tp.png; path = ../../../../../Downloads/V7_tp.png; sourceTree = "<group>"; };
		C95421382390C55F00BB6596 /* V1.png */ = {isa = PBXFileReference; lastKnownFileType = image.png; name = V1.png; path = ../../../../../Downloads/V1.png; sourceTree = "<group>"; };
		C95421392390C55F00BB6596 /* V3_tp.png */ = {isa = PBXFileReference; lastKnownFileType = image.png; name = V3_tp.png; path = ../../../../../Downloads/V3_tp.png; sourceTree = "<group>"; };
		C954213A2390C56000BB6596 /* V5_tp.png */ = {isa = PBXFileReference; lastKnownFileType = image.png; name = V5_tp.png; path = ../../../../../Downloads/V5_tp.png; sourceTree = "<group>"; };
		C954214F2390D76A00BB6596 /* onsight.png */ = {isa = PBXFileReference; lastKnownFileType = image.png; name = onsight.png; path = ../../../../../Downloads/onsight.png; sourceTree = "<group>"; };
		C95421502390D76A00BB6596 /* flash.png */ = {isa = PBXFileReference; lastKnownFileType = image.png; name = flash.png; path = ../../../../../Downloads/flash.png; sourceTree = "<group>"; };
		C95421512390D76B00BB6596 /* onsight_tp.png */ = {isa = PBXFileReference; lastKnownFileType = image.png; name = onsight_tp.png; path = ../../../../../Downloads/onsight_tp.png; sourceTree = "<group>"; };
		C95421522390D76B00BB6596 /* flash_tp.png */ = {isa = PBXFileReference; lastKnownFileType = image.png; name = flash_tp.png; path = ../../../../../Downloads/flash_tp.png; sourceTree = "<group>"; };
		C95421532390D76B00BB6596 /* repeat_tp.png */ = {isa = PBXFileReference; lastKnownFileType = image.png; name = repeat_tp.png; path = ../../../../../Downloads/repeat_tp.png; sourceTree = "<group>"; };
		C95421542390D76C00BB6596 /* attempts_tp.png */ = {isa = PBXFileReference; lastKnownFileType = image.png; name = attempts_tp.png; path = ../../../../../Downloads/attempts_tp.png; sourceTree = "<group>"; };
		C95421552390D76C00BB6596 /* repeat.png */ = {isa = PBXFileReference; lastKnownFileType = image.png; name = repeat.png; path = ../../../../../Downloads/repeat.png; sourceTree = "<group>"; };
		C95421562390D76C00BB6596 /* attempts.png */ = {isa = PBXFileReference; lastKnownFileType = image.png; name = attempts.png; path = ../../../../../Downloads/attempts.png; sourceTree = "<group>"; };
		C95421672391460500BB6596 /* SessionsLogViewController.swift */ = {isa = PBXFileReference; lastKnownFileType = sourcecode.swift; path = SessionsLogViewController.swift; sourceTree = "<group>"; };
		C954216923914D2D00BB6596 /* LoggedSessionTableViewCell.swift */ = {isa = PBXFileReference; lastKnownFileType = sourcecode.swift; path = LoggedSessionTableViewCell.swift; sourceTree = "<group>"; };
		C954216A23914D2D00BB6596 /* LoggedSessionTableViewCell.xib */ = {isa = PBXFileReference; lastKnownFileType = file.xib; path = LoggedSessionTableViewCell.xib; sourceTree = "<group>"; };
		C9B36DB423874E67009735A1 /* AddLocationViewController.swift */ = {isa = PBXFileReference; lastKnownFileType = sourcecode.swift; path = AddLocationViewController.swift; sourceTree = "<group>"; };
/* End PBXFileReference section */

/* Begin PBXFrameworksBuildPhase section */
		9BBC660B237300D50011897D /* Frameworks */ = {
			isa = PBXFrameworksBuildPhase;
			buildActionMask = 2147483647;
			files = (
			);
			runOnlyForDeploymentPostprocessing = 0;
		};
/* End PBXFrameworksBuildPhase section */

/* Begin PBXGroup section */
		9BBC6605237300D50011897D = {
			isa = PBXGroup;
			children = (
				9BBC6610237300D50011897D /* Boulder Climbing Journal */,
				9BBC660F237300D50011897D /* Products */,
			);
			sourceTree = "<group>";
		};
		9BBC660F237300D50011897D /* Products */ = {
			isa = PBXGroup;
			children = (
				9BBC660E237300D50011897D /* Boulder Climbing Journal.app */,
			);
			name = Products;
			sourceTree = "<group>";
		};
		9BBC6610237300D50011897D /* Boulder Climbing Journal */ = {
			isa = PBXGroup;
			children = (
				C95421542390D76C00BB6596 /* attempts_tp.png */,
				C95421562390D76C00BB6596 /* attempts.png */,
				C95421522390D76B00BB6596 /* flash_tp.png */,
				C95421502390D76A00BB6596 /* flash.png */,
				C95421512390D76B00BB6596 /* onsight_tp.png */,
				C954214F2390D76A00BB6596 /* onsight.png */,
				C95421532390D76B00BB6596 /* repeat_tp.png */,
				C95421552390D76C00BB6596 /* repeat.png */,
				C954212A2390C55D00BB6596 /* V1_tp.png */,
				C95421382390C55F00BB6596 /* V1.png */,
				C95421312390C55E00BB6596 /* V2_tp.png */,
				C95421272390C55D00BB6596 /* V2.png */,
				C95421392390C55F00BB6596 /* V3_tp.png */,
				C954212C2390C55D00BB6596 /* V3.png */,
				C954212E2390C55E00BB6596 /* V4_tp.png */,
				C95421282390C55D00BB6596 /* V4.png */,
				C954213A2390C56000BB6596 /* V5_tp.png */,
				C95421322390C55E00BB6596 /* V5.png */,
				C954212D2390C55D00BB6596 /* V6_tp.png */,
				C95421342390C55E00BB6596 /* V6.png */,
				C95421372390C55F00BB6596 /* V7_tp.png */,
				C954212B2390C55D00BB6596 /* V7.png */,
				C95421332390C55E00BB6596 /* V8_tp.png */,
				C954212F2390C55E00BB6596 /* V8.png */,
				C95421302390C55E00BB6596 /* V9_tp.png */,
				C95421352390C55F00BB6596 /* V9.png */,
				C95421292390C55D00BB6596 /* V10_tp.png */,
				C95421362390C55F00BB6596 /* V10.png */,
				C95421222390BA9E00BB6596 /* V0_tp.png */,
				C95421212390BA9E00BB6596 /* V0.png */,
				C954211F2390BA9E00BB6596 /* VB_tp.png */,
				C95421202390BA9E00BB6596 /* VB.png */,
				9BBC6626237303540011897D /* RoundButton.swift */,
				9BBC6611237300D50011897D /* AppDelegate.swift */,
				9BBC6613237300D50011897D /* ViewController.swift */,
				9BBC6615237300D50011897D /* Main.storyboard */,
				9BBC661B237300D60011897D /* Assets.xcassets */,
				9BBC661D237300D60011897D /* LaunchScreen.storyboard */,
				9BBC6620237300D60011897D /* Info.plist */,
				9BBC6618237300D50011897D /* Boulder_Climbing_Journal.xcdatamodeld */,
				9BBC66282373062B0011897D /* PageViewController.swift */,
				9BBC662A237306EA0011897D /* TutorialViewController.swift */,
				9B26CA46237C48E900E2189A /* AddSessionViewController.swift */,
				C9B36DB423874E67009735A1 /* AddLocationViewController.swift */,
				C95421032390A0A500BB6596 /* AddClimbViewController.swift */,
				C95421672391460500BB6596 /* SessionsLogViewController.swift */,
				C954216923914D2D00BB6596 /* LoggedSessionTableViewCell.swift */,
				C954216A23914D2D00BB6596 /* LoggedSessionTableViewCell.xib */,
			);
			path = "Boulder Climbing Journal";
			sourceTree = "<group>";
		};
/* End PBXGroup section */

/* Begin PBXNativeTarget section */
		9BBC660D237300D50011897D /* Boulder Climbing Journal */ = {
			isa = PBXNativeTarget;
			buildConfigurationList = 9BBC6623237300D60011897D /* Build configuration list for PBXNativeTarget "Boulder Climbing Journal" */;
			buildPhases = (
				9BBC660A237300D50011897D /* Sources */,
				9BBC660B237300D50011897D /* Frameworks */,
				9BBC660C237300D50011897D /* Resources */,
			);
			buildRules = (
			);
			dependencies = (
			);
			name = "Boulder Climbing Journal";
			productName = "Boulder Climbing Journal";
			productReference = 9BBC660E237300D50011897D /* Boulder Climbing Journal.app */;
			productType = "com.apple.product-type.application";
		};
/* End PBXNativeTarget section */

/* Begin PBXProject section */
		9BBC6606237300D50011897D /* Project object */ = {
			isa = PBXProject;
			attributes = {
				LastSwiftUpdateCheck = 1030;
				LastUpgradeCheck = 1030;
				ORGANIZATIONNAME = gdaalumno;
				TargetAttributes = {
					9BBC660D237300D50011897D = {
						CreatedOnToolsVersion = 10.3;
					};
				};
			};
			buildConfigurationList = 9BBC6609237300D50011897D /* Build configuration list for PBXProject "Boulder Climbing Journal" */;
			compatibilityVersion = "Xcode 9.3";
			developmentRegion = en;
			hasScannedForEncodings = 0;
			knownRegions = (
				en,
				Base,
			);
			mainGroup = 9BBC6605237300D50011897D;
			productRefGroup = 9BBC660F237300D50011897D /* Products */;
			projectDirPath = "";
			projectRoot = "";
			targets = (
				9BBC660D237300D50011897D /* Boulder Climbing Journal */,
			);
		};
/* End PBXProject section */

/* Begin PBXResourcesBuildPhase section */
		9BBC660C237300D50011897D /* Resources */ = {
			isa = PBXResourcesBuildPhase;
			buildActionMask = 2147483647;
			files = (
				C954214E2390C56000BB6596 /* V5_tp.png in Resources */,
				C954214C2390C56000BB6596 /* V1.png in Resources */,
				C95421402390C56000BB6596 /* V3.png in Resources */,
				C954215A2390D76C00BB6596 /* flash_tp.png in Resources */,
				C954215B2390D76C00BB6596 /* repeat_tp.png in Resources */,
				C95421242390BA9F00BB6596 /* VB.png in Resources */,
				C954213E2390C56000BB6596 /* V1_tp.png in Resources */,
				C95421412390C56000BB6596 /* V6_tp.png in Resources */,
				C954213F2390C56000BB6596 /* V7.png in Resources */,
				C95421462390C56000BB6596 /* V5.png in Resources */,
				C954213D2390C56000BB6596 /* V10_tp.png in Resources */,
				C954214A2390C56000BB6596 /* V10.png in Resources */,
				C954213B2390C56000BB6596 /* V2.png in Resources */,
				C95421582390D76C00BB6596 /* flash.png in Resources */,
				C95421452390C56000BB6596 /* V2_tp.png in Resources */,
				C95421482390C56000BB6596 /* V6.png in Resources */,
				C954215D2390D76C00BB6596 /* repeat.png in Resources */,
				C954214D2390C56000BB6596 /* V3_tp.png in Resources */,
				C95421472390C56000BB6596 /* V8_tp.png in Resources */,
				C954214B2390C56000BB6596 /* V7_tp.png in Resources */,
				C95421432390C56000BB6596 /* V8.png in Resources */,
				C954215E2390D76C00BB6596 /* attempts.png in Resources */,
				C95421262390BA9F00BB6596 /* V0_tp.png in Resources */,
				9BBC661F237300D60011897D /* LaunchScreen.storyboard in Resources */,
				C95421592390D76C00BB6596 /* onsight_tp.png in Resources */,
				C95421442390C56000BB6596 /* V9_tp.png in Resources */,
				C95421422390C56000BB6596 /* V4_tp.png in Resources */,
				C95421492390C56000BB6596 /* V9.png in Resources */,
				C954216C23914D2D00BB6596 /* LoggedSessionTableViewCell.xib in Resources */,
				C95421232390BA9F00BB6596 /* VB_tp.png in Resources */,
				C954215C2390D76C00BB6596 /* attempts_tp.png in Resources */,
				C954213C2390C56000BB6596 /* V4.png in Resources */,
				9BBC661C237300D60011897D /* Assets.xcassets in Resources */,
				9BBC6617237300D50011897D /* Main.storyboard in Resources */,
				C95421572390D76C00BB6596 /* onsight.png in Resources */,
				C95421252390BA9F00BB6596 /* V0.png in Resources */,
			);
			runOnlyForDeploymentPostprocessing = 0;
		};
/* End PBXResourcesBuildPhase section */

/* Begin PBXSourcesBuildPhase section */
		9BBC660A237300D50011897D /* Sources */ = {
			isa = PBXSourcesBuildPhase;
			buildActionMask = 2147483647;
			files = (
				9BBC6627237303540011897D /* RoundButton.swift in Sources */,
				C954216B23914D2D00BB6596 /* LoggedSessionTableViewCell.swift in Sources */,
				9BBC66292373062B0011897D /* PageViewController.swift in Sources */,
				C95421042390A0A500BB6596 /* AddClimbViewController.swift in Sources */,
				9BBC6614237300D50011897D /* ViewController.swift in Sources */,
				C9B36DB523874E67009735A1 /* AddLocationViewController.swift in Sources */,
				9B26CA47237C48E900E2189A /* AddSessionViewController.swift in Sources */,
				9BBC661A237300D50011897D /* Boulder_Climbing_Journal.xcdatamodeld in Sources */,
				9BBC662B237306EA0011897D /* TutorialViewController.swift in Sources */,
				C95421682391460500BB6596 /* SessionsLogViewController.swift in Sources */,
				9BBC6612237300D50011897D /* AppDelegate.swift in Sources */,
			);
			runOnlyForDeploymentPostprocessing = 0;
		};
/* End PBXSourcesBuildPhase section */

/* Begin PBXVariantGroup section */
		9BBC6615237300D50011897D /* Main.storyboard */ = {
			isa = PBXVariantGroup;
			children = (
				9BBC6616237300D50011897D /* Base */,
			);
			name = Main.storyboard;
			sourceTree = "<group>";
		};
		9BBC661D237300D60011897D /* LaunchScreen.storyboard */ = {
			isa = PBXVariantGroup;
			children = (
				9BBC661E237300D60011897D /* Base */,
			);
			name = LaunchScreen.storyboard;
			sourceTree = "<group>";
		};
/* End PBXVariantGroup section */

/* Begin XCBuildConfiguration section */
		9BBC6621237300D60011897D /* Debug */ = {
			isa = XCBuildConfiguration;
			buildSettings = {
				ALWAYS_SEARCH_USER_PATHS = NO;
				CLANG_ANALYZER_NONNULL = YES;
				CLANG_ANALYZER_NUMBER_OBJECT_CONVERSION = YES_AGGRESSIVE;
				CLANG_CXX_LANGUAGE_STANDARD = "gnu++14";
				CLANG_CXX_LIBRARY = "libc++";
				CLANG_ENABLE_MODULES = YES;
				CLANG_ENABLE_OBJC_ARC = YES;
				CLANG_ENABLE_OBJC_WEAK = YES;
				CLANG_WARN_BLOCK_CAPTURE_AUTORELEASING = YES;
				CLANG_WARN_BOOL_CONVERSION = YES;
				CLANG_WARN_COMMA = YES;
				CLANG_WARN_CONSTANT_CONVERSION = YES;
				CLANG_WARN_DEPRECATED_OBJC_IMPLEMENTATIONS = YES;
				CLANG_WARN_DIRECT_OBJC_ISA_USAGE = YES_ERROR;
				CLANG_WARN_DOCUMENTATION_COMMENTS = YES;
				CLANG_WARN_EMPTY_BODY = YES;
				CLANG_WARN_ENUM_CONVERSION = YES;
				CLANG_WARN_INFINITE_RECURSION = YES;
				CLANG_WARN_INT_CONVERSION = YES;
				CLANG_WARN_NON_LITERAL_NULL_CONVERSION = YES;
				CLANG_WARN_OBJC_IMPLICIT_RETAIN_SELF = YES;
				CLANG_WARN_OBJC_LITERAL_CONVERSION = YES;
				CLANG_WARN_OBJC_ROOT_CLASS = YES_ERROR;
				CLANG_WARN_RANGE_LOOP_ANALYSIS = YES;
				CLANG_WARN_STRICT_PROTOTYPES = YES;
				CLANG_WARN_SUSPICIOUS_MOVE = YES;
				CLANG_WARN_UNGUARDED_AVAILABILITY = YES_AGGRESSIVE;
				CLANG_WARN_UNREACHABLE_CODE = YES;
				CLANG_WARN__DUPLICATE_METHOD_MATCH = YES;
				CODE_SIGN_IDENTITY = "iPhone Developer";
				COPY_PHASE_STRIP = NO;
				DEBUG_INFORMATION_FORMAT = dwarf;
				ENABLE_STRICT_OBJC_MSGSEND = YES;
				ENABLE_TESTABILITY = YES;
				GCC_C_LANGUAGE_STANDARD = gnu11;
				GCC_DYNAMIC_NO_PIC = NO;
				GCC_NO_COMMON_BLOCKS = YES;
				GCC_OPTIMIZATION_LEVEL = 0;
				GCC_PREPROCESSOR_DEFINITIONS = (
					"DEBUG=1",
					"$(inherited)",
				);
				GCC_WARN_64_TO_32_BIT_CONVERSION = YES;
				GCC_WARN_ABOUT_RETURN_TYPE = YES_ERROR;
				GCC_WARN_UNDECLARED_SELECTOR = YES;
				GCC_WARN_UNINITIALIZED_AUTOS = YES_AGGRESSIVE;
				GCC_WARN_UNUSED_FUNCTION = YES;
				GCC_WARN_UNUSED_VARIABLE = YES;
				IPHONEOS_DEPLOYMENT_TARGET = 12.4;
				MTL_ENABLE_DEBUG_INFO = INCLUDE_SOURCE;
				MTL_FAST_MATH = YES;
				ONLY_ACTIVE_ARCH = YES;
				SDKROOT = iphoneos;
				SWIFT_ACTIVE_COMPILATION_CONDITIONS = DEBUG;
				SWIFT_OPTIMIZATION_LEVEL = "-Onone";
			};
			name = Debug;
		};
		9BBC6622237300D60011897D /* Release */ = {
			isa = XCBuildConfiguration;
			buildSettings = {
				ALWAYS_SEARCH_USER_PATHS = NO;
				CLANG_ANALYZER_NONNULL = YES;
				CLANG_ANALYZER_NUMBER_OBJECT_CONVERSION = YES_AGGRESSIVE;
				CLANG_CXX_LANGUAGE_STANDARD = "gnu++14";
				CLANG_CXX_LIBRARY = "libc++";
				CLANG_ENABLE_MODULES = YES;
				CLANG_ENABLE_OBJC_ARC = YES;
				CLANG_ENABLE_OBJC_WEAK = YES;
				CLANG_WARN_BLOCK_CAPTURE_AUTORELEASING = YES;
				CLANG_WARN_BOOL_CONVERSION = YES;
				CLANG_WARN_COMMA = YES;
				CLANG_WARN_CONSTANT_CONVERSION = YES;
				CLANG_WARN_DEPRECATED_OBJC_IMPLEMENTATIONS = YES;
				CLANG_WARN_DIRECT_OBJC_ISA_USAGE = YES_ERROR;
				CLANG_WARN_DOCUMENTATION_COMMENTS = YES;
				CLANG_WARN_EMPTY_BODY = YES;
				CLANG_WARN_ENUM_CONVERSION = YES;
				CLANG_WARN_INFINITE_RECURSION = YES;
				CLANG_WARN_INT_CONVERSION = YES;
				CLANG_WARN_NON_LITERAL_NULL_CONVERSION = YES;
				CLANG_WARN_OBJC_IMPLICIT_RETAIN_SELF = YES;
				CLANG_WARN_OBJC_LITERAL_CONVERSION = YES;
				CLANG_WARN_OBJC_ROOT_CLASS = YES_ERROR;
				CLANG_WARN_RANGE_LOOP_ANALYSIS = YES;
				CLANG_WARN_STRICT_PROTOTYPES = YES;
				CLANG_WARN_SUSPICIOUS_MOVE = YES;
				CLANG_WARN_UNGUARDED_AVAILABILITY = YES_AGGRESSIVE;
				CLANG_WARN_UNREACHABLE_CODE = YES;
				CLANG_WARN__DUPLICATE_METHOD_MATCH = YES;
				CODE_SIGN_IDENTITY = "iPhone Developer";
				COPY_PHASE_STRIP = NO;
				DEBUG_INFORMATION_FORMAT = "dwarf-with-dsym";
				ENABLE_NS_ASSERTIONS = NO;
				ENABLE_STRICT_OBJC_MSGSEND = YES;
				GCC_C_LANGUAGE_STANDARD = gnu11;
				GCC_NO_COMMON_BLOCKS = YES;
				GCC_WARN_64_TO_32_BIT_CONVERSION = YES;
				GCC_WARN_ABOUT_RETURN_TYPE = YES_ERROR;
				GCC_WARN_UNDECLARED_SELECTOR = YES;
				GCC_WARN_UNINITIALIZED_AUTOS = YES_AGGRESSIVE;
				GCC_WARN_UNUSED_FUNCTION = YES;
				GCC_WARN_UNUSED_VARIABLE = YES;
				IPHONEOS_DEPLOYMENT_TARGET = 12.4;
				MTL_ENABLE_DEBUG_INFO = NO;
				MTL_FAST_MATH = YES;
				SDKROOT = iphoneos;
				SWIFT_COMPILATION_MODE = wholemodule;
				SWIFT_OPTIMIZATION_LEVEL = "-O";
				VALIDATE_PRODUCT = YES;
			};
			name = Release;
		};
		9BBC6624237300D60011897D /* Debug */ = {
			isa = XCBuildConfiguration;
			buildSettings = {
				ASSETCATALOG_COMPILER_APPICON_NAME = AppIcon;
				CODE_SIGN_STYLE = Automatic;
				INFOPLIST_FILE = "Boulder Climbing Journal/Info.plist";
				IPHONEOS_DEPLOYMENT_TARGET = 12.4;
				LD_RUNPATH_SEARCH_PATHS = (
					"$(inherited)",
					"@executable_path/Frameworks",
				);
				PRODUCT_BUNDLE_IDENTIFIER = "itesm.Boulder-Climbing-Journal";
				PRODUCT_NAME = "$(TARGET_NAME)";
				SWIFT_VERSION = 5.0;
				TARGETED_DEVICE_FAMILY = "1,2";
			};
			name = Debug;
		};
		9BBC6625237300D60011897D /* Release */ = {
			isa = XCBuildConfiguration;
			buildSettings = {
				ASSETCATALOG_COMPILER_APPICON_NAME = AppIcon;
				CODE_SIGN_STYLE = Automatic;
				INFOPLIST_FILE = "Boulder Climbing Journal/Info.plist";
				IPHONEOS_DEPLOYMENT_TARGET = 12.4;
				LD_RUNPATH_SEARCH_PATHS = (
					"$(inherited)",
					"@executable_path/Frameworks",
				);
				PRODUCT_BUNDLE_IDENTIFIER = "itesm.Boulder-Climbing-Journal";
				PRODUCT_NAME = "$(TARGET_NAME)";
				SWIFT_VERSION = 5.0;
				TARGETED_DEVICE_FAMILY = "1,2";
			};
			name = Release;
		};
/* End XCBuildConfiguration section */

/* Begin XCConfigurationList section */
		9BBC6609237300D50011897D /* Build configuration list for PBXProject "Boulder Climbing Journal" */ = {
			isa = XCConfigurationList;
			buildConfigurations = (
				9BBC6621237300D60011897D /* Debug */,
				9BBC6622237300D60011897D /* Release */,
			);
			defaultConfigurationIsVisible = 0;
			defaultConfigurationName = Release;
		};
		9BBC6623237300D60011897D /* Build configuration list for PBXNativeTarget "Boulder Climbing Journal" */ = {
			isa = XCConfigurationList;
			buildConfigurations = (
				9BBC6624237300D60011897D /* Debug */,
				9BBC6625237300D60011897D /* Release */,
			);
			defaultConfigurationIsVisible = 0;
			defaultConfigurationName = Release;
		};
/* End XCConfigurationList section */

/* Begin XCVersionGroup section */
		9BBC6618237300D50011897D /* Boulder_Climbing_Journal.xcdatamodeld */ = {
			isa = XCVersionGroup;
			children = (
				9BBC6619237300D50011897D /* Boulder_Climbing_Journal.xcdatamodel */,
			);
			currentVersion = 9BBC6619237300D50011897D /* Boulder_Climbing_Journal.xcdatamodel */;
			path = Boulder_Climbing_Journal.xcdatamodeld;
			sourceTree = "<group>";
			versionGroupType = wrapper.xcdatamodel;
		};
/* End XCVersionGroup section */
	};
	rootObject = 9BBC6606237300D50011897D /* Project object */;
}
